// !$*UTF8*$!
{
	archiveVersion = 1;
	classes = {
	};
	objectVersion = 50;
	objects = {

/* Begin PBXBuildFile section */
		7025EABC24CBFAB5004EF42E /* AppDelegate.swift in Sources */ = {isa = PBXBuildFile; fileRef = 7025EABB24CBFAB5004EF42E /* AppDelegate.swift */; };
		7025EABE24CBFAB5004EF42E /* SceneDelegate.swift in Sources */ = {isa = PBXBuildFile; fileRef = 7025EABD24CBFAB5004EF42E /* SceneDelegate.swift */; };
		7025EAC024CBFAB5004EF42E /* QuizViewController.swift in Sources */ = {isa = PBXBuildFile; fileRef = 7025EABF24CBFAB5004EF42E /* QuizViewController.swift */; };
		7025EAC324CBFAB5004EF42E /* Main.storyboard in Resources */ = {isa = PBXBuildFile; fileRef = 7025EAC124CBFAB5004EF42E /* Main.storyboard */; };
		7025EAC624CBFAB5004EF42E /* quiz.xcdatamodeld in Sources */ = {isa = PBXBuildFile; fileRef = 7025EAC424CBFAB5004EF42E /* quiz.xcdatamodeld */; };
		7025EAC824CBFAB8004EF42E /* Assets.xcassets in Resources */ = {isa = PBXBuildFile; fileRef = 7025EAC724CBFAB8004EF42E /* Assets.xcassets */; };
		7025EACB24CBFAB8004EF42E /* LaunchScreen.storyboard in Resources */ = {isa = PBXBuildFile; fileRef = 7025EAC924CBFAB8004EF42E /* LaunchScreen.storyboard */; };
		7025EAD624CBFAB8004EF42E /* quizTests.swift in Sources */ = {isa = PBXBuildFile; fileRef = 7025EAD524CBFAB8004EF42E /* quizTests.swift */; };
		7025EAE124CBFAB8004EF42E /* quizUITests.swift in Sources */ = {isa = PBXBuildFile; fileRef = 7025EAE024CBFAB8004EF42E /* quizUITests.swift */; };
		70B68ECA24ED233F006180A8 /* Questions.swift in Sources */ = {isa = PBXBuildFile; fileRef = 70B68EC924ED233F006180A8 /* Questions.swift */; };
		70B68ED224ED3C15006180A8 /* QuizHub.swift in Sources */ = {isa = PBXBuildFile; fileRef = 70B68ED124ED3C15006180A8 /* QuizHub.swift */; };
		70B68ED424ED68DB006180A8 /* ResultViewController.swift in Sources */ = {isa = PBXBuildFile; fileRef = 70B68ED324ED68DB006180A8 /* ResultViewController.swift */; };
/* End PBXBuildFile section */

/* Begin PBXContainerItemProxy section */
		7025EAD224CBFAB8004EF42E /* PBXContainerItemProxy */ = {
			isa = PBXContainerItemProxy;
			containerPortal = 7025EAB024CBFAB5004EF42E /* Project object */;
			proxyType = 1;
			remoteGlobalIDString = 7025EAB724CBFAB5004EF42E;
			remoteInfo = quiz;
		};
		7025EADD24CBFAB8004EF42E /* PBXContainerItemProxy */ = {
			isa = PBXContainerItemProxy;
			containerPortal = 7025EAB024CBFAB5004EF42E /* Project object */;
			proxyType = 1;
			remoteGlobalIDString = 7025EAB724CBFAB5004EF42E;
			remoteInfo = quiz;
		};
/* End PBXContainerItemProxy section */

/* Begin PBXFileReference section */
		7025EAB824CBFAB5004EF42E /* quiz.app */ = {isa = PBXFileReference; explicitFileType = wrapper.application; includeInIndex = 0; path = quiz.app; sourceTree = BUILT_PRODUCTS_DIR; };
		7025EABB24CBFAB5004EF42E /* AppDelegate.swift */ = {isa = PBXFileReference; lastKnownFileType = sourcecode.swift; path = AppDelegate.swift; sourceTree = "<group>"; };
		7025EABD24CBFAB5004EF42E /* SceneDelegate.swift */ = {isa = PBXFileReference; lastKnownFileType = sourcecode.swift; path = SceneDelegate.swift; sourceTree = "<group>"; };
		7025EABF24CBFAB5004EF42E /* QuizViewController.swift */ = {isa = PBXFileReference; lastKnownFileType = sourcecode.swift; path = QuizViewController.swift; sourceTree = "<group>"; };
		7025EAC224CBFAB5004EF42E /* Base */ = {isa = PBXFileReference; lastKnownFileType = file.storyboard; name = Base; path = Base.lproj/Main.storyboard; sourceTree = "<group>"; };
		7025EAC524CBFAB5004EF42E /* quiz.xcdatamodel */ = {isa = PBXFileReference; lastKnownFileType = wrapper.xcdatamodel; path = quiz.xcdatamodel; sourceTree = "<group>"; };
		7025EAC724CBFAB8004EF42E /* Assets.xcassets */ = {isa = PBXFileReference; lastKnownFileType = folder.assetcatalog; path = Assets.xcassets; sourceTree = "<group>"; };
		7025EACA24CBFAB8004EF42E /* Base */ = {isa = PBXFileReference; lastKnownFileType = file.storyboard; name = Base; path = Base.lproj/LaunchScreen.storyboard; sourceTree = "<group>"; };
		7025EACC24CBFAB8004EF42E /* Info.plist */ = {isa = PBXFileReference; lastKnownFileType = text.plist.xml; path = Info.plist; sourceTree = "<group>"; };
		7025EAD124CBFAB8004EF42E /* quizTests.xctest */ = {isa = PBXFileReference; explicitFileType = wrapper.cfbundle; includeInIndex = 0; path = quizTests.xctest; sourceTree = BUILT_PRODUCTS_DIR; };
		7025EAD524CBFAB8004EF42E /* quizTests.swift */ = {isa = PBXFileReference; lastKnownFileType = sourcecode.swift; path = quizTests.swift; sourceTree = "<group>"; };
		7025EAD724CBFAB8004EF42E /* Info.plist */ = {isa = PBXFileReference; lastKnownFileType = text.plist.xml; path = Info.plist; sourceTree = "<group>"; };
		7025EADC24CBFAB8004EF42E /* quizUITests.xctest */ = {isa = PBXFileReference; explicitFileType = wrapper.cfbundle; includeInIndex = 0; path = quizUITests.xctest; sourceTree = BUILT_PRODUCTS_DIR; };
		7025EAE024CBFAB8004EF42E /* quizUITests.swift */ = {isa = PBXFileReference; lastKnownFileType = sourcecode.swift; path = quizUITests.swift; sourceTree = "<group>"; };
		7025EAE224CBFAB8004EF42E /* Info.plist */ = {isa = PBXFileReference; lastKnownFileType = text.plist.xml; path = Info.plist; sourceTree = "<group>"; };
		70B68EC924ED233F006180A8 /* Questions.swift */ = {isa = PBXFileReference; lastKnownFileType = sourcecode.swift; path = Questions.swift; sourceTree = "<group>"; };
		70B68ED124ED3C15006180A8 /* QuizHub.swift */ = {isa = PBXFileReference; lastKnownFileType = sourcecode.swift; path = QuizHub.swift; sourceTree = "<group>"; };
		70B68ED324ED68DB006180A8 /* ResultViewController.swift */ = {isa = PBXFileReference; lastKnownFileType = sourcecode.swift; path = ResultViewController.swift; sourceTree = "<group>"; };
/* End PBXFileReference section */

/* Begin PBXFrameworksBuildPhase section */
		7025EAB524CBFAB5004EF42E /* Frameworks */ = {
			isa = PBXFrameworksBuildPhase;
			buildActionMask = 2147483647;
			files = (
			);
			runOnlyForDeploymentPostprocessing = 0;
		};
		7025EACE24CBFAB8004EF42E /* Frameworks */ = {
			isa = PBXFrameworksBuildPhase;
			buildActionMask = 2147483647;
			files = (
			);
			runOnlyForDeploymentPostprocessing = 0;
		};
		7025EAD924CBFAB8004EF42E /* Frameworks */ = {
			isa = PBXFrameworksBuildPhase;
			buildActionMask = 2147483647;
			files = (
			);
			runOnlyForDeploymentPostprocessing = 0;
		};
/* End PBXFrameworksBuildPhase section */

/* Begin PBXGroup section */
		7025EAAF24CBFAB5004EF42E = {
			isa = PBXGroup;
			children = (
				7025EABA24CBFAB5004EF42E /* quiz */,
				7025EAD424CBFAB8004EF42E /* quizTests */,
				7025EADF24CBFAB8004EF42E /* quizUITests */,
				7025EAB924CBFAB5004EF42E /* Products */,
			);
			sourceTree = "<group>";
		};
		7025EAB924CBFAB5004EF42E /* Products */ = {
			isa = PBXGroup;
			children = (
				7025EAB824CBFAB5004EF42E /* quiz.app */,
				7025EAD124CBFAB8004EF42E /* quizTests.xctest */,
				7025EADC24CBFAB8004EF42E /* quizUITests.xctest */,
			);
			name = Products;
			sourceTree = "<group>";
		};
		7025EABA24CBFAB5004EF42E /* quiz */ = {
			isa = PBXGroup;
			children = (
				7025EABB24CBFAB5004EF42E /* AppDelegate.swift */,
				7025EABD24CBFAB5004EF42E /* SceneDelegate.swift */,
				70B68ECE24ED3804006180A8 /* Model */,
				70B68ECD24ED37E5006180A8 /* View */,
				70B68ECC24ED37D2006180A8 /* Controller */,
				7025EAC724CBFAB8004EF42E /* Assets.xcassets */,
				7025EAC924CBFAB8004EF42E /* LaunchScreen.storyboard */,
				7025EACC24CBFAB8004EF42E /* Info.plist */,
				7025EAC424CBFAB5004EF42E /* quiz.xcdatamodeld */,
			);
			path = quiz;
			sourceTree = "<group>";
		};
		7025EAD424CBFAB8004EF42E /* quizTests */ = {
			isa = PBXGroup;
			children = (
				7025EAD524CBFAB8004EF42E /* quizTests.swift */,
				7025EAD724CBFAB8004EF42E /* Info.plist */,
			);
			path = quizTests;
			sourceTree = "<group>";
		};
		7025EADF24CBFAB8004EF42E /* quizUITests */ = {
			isa = PBXGroup;
			children = (
				7025EAE024CBFAB8004EF42E /* quizUITests.swift */,
				7025EAE224CBFAB8004EF42E /* Info.plist */,
			);
			path = quizUITests;
			sourceTree = "<group>";
		};
		70B68ECC24ED37D2006180A8 /* Controller */ = {
			isa = PBXGroup;
			children = (
				7025EABF24CBFAB5004EF42E /* QuizViewController.swift */,
				70B68ED324ED68DB006180A8 /* ResultViewController.swift */,
			);
			path = Controller;
			sourceTree = "<group>";
		};
		70B68ECD24ED37E5006180A8 /* View */ = {
			isa = PBXGroup;
			children = (
				7025EAC124CBFAB5004EF42E /* Main.storyboard */,
			);
			path = View;
			sourceTree = "<group>";
		};
		70B68ECE24ED3804006180A8 /* Model */ = {
			isa = PBXGroup;
			children = (
				70B68EC924ED233F006180A8 /* Questions.swift */,
				70B68ED124ED3C15006180A8 /* QuizHub.swift */,
			);
			path = Model;
			sourceTree = "<group>";
		};
/* End PBXGroup section */

/* Begin PBXNativeTarget section */
		7025EAB724CBFAB5004EF42E /* quiz */ = {
			isa = PBXNativeTarget;
			buildConfigurationList = 7025EAE524CBFAB8004EF42E /* Build configuration list for PBXNativeTarget "quiz" */;
			buildPhases = (
				7025EAB424CBFAB5004EF42E /* Sources */,
				7025EAB524CBFAB5004EF42E /* Frameworks */,
				7025EAB624CBFAB5004EF42E /* Resources */,
			);
			buildRules = (
			);
			dependencies = (
			);
			name = quiz;
			productName = quiz;
			productReference = 7025EAB824CBFAB5004EF42E /* quiz.app */;
			productType = "com.apple.product-type.application";
		};
		7025EAD024CBFAB8004EF42E /* quizTests */ = {
			isa = PBXNativeTarget;
			buildConfigurationList = 7025EAE824CBFAB8004EF42E /* Build configuration list for PBXNativeTarget "quizTests" */;
			buildPhases = (
				7025EACD24CBFAB8004EF42E /* Sources */,
				7025EACE24CBFAB8004EF42E /* Frameworks */,
				7025EACF24CBFAB8004EF42E /* Resources */,
			);
			buildRules = (
			);
			dependencies = (
				7025EAD324CBFAB8004EF42E /* PBXTargetDependency */,
			);
			name = quizTests;
			productName = quizTests;
			productReference = 7025EAD124CBFAB8004EF42E /* quizTests.xctest */;
			productType = "com.apple.product-type.bundle.unit-test";
		};
		7025EADB24CBFAB8004EF42E /* quizUITests */ = {
			isa = PBXNativeTarget;
			buildConfigurationList = 7025EAEB24CBFAB8004EF42E /* Build configuration list for PBXNativeTarget "quizUITests" */;
			buildPhases = (
				7025EAD824CBFAB8004EF42E /* Sources */,
				7025EAD924CBFAB8004EF42E /* Frameworks */,
				7025EADA24CBFAB8004EF42E /* Resources */,
			);
			buildRules = (
			);
			dependencies = (
				7025EADE24CBFAB8004EF42E /* PBXTargetDependency */,
			);
			name = quizUITests;
			productName = quizUITests;
			productReference = 7025EADC24CBFAB8004EF42E /* quizUITests.xctest */;
			productType = "com.apple.product-type.bundle.ui-testing";
		};
/* End PBXNativeTarget section */

/* Begin PBXProject section */
		7025EAB024CBFAB5004EF42E /* Project object */ = {
			isa = PBXProject;
			attributes = {
				LastSwiftUpdateCheck = 1150;
				LastUpgradeCheck = 1150;
				ORGANIZATIONNAME = "Swamita Gupta";
				TargetAttributes = {
					7025EAB724CBFAB5004EF42E = {
						CreatedOnToolsVersion = 11.5;
					};
					7025EAD024CBFAB8004EF42E = {
						CreatedOnToolsVersion = 11.5;
						TestTargetID = 7025EAB724CBFAB5004EF42E;
					};
					7025EADB24CBFAB8004EF42E = {
						CreatedOnToolsVersion = 11.5;
						TestTargetID = 7025EAB724CBFAB5004EF42E;
					};
				};
			};
			buildConfigurationList = 7025EAB324CBFAB5004EF42E /* Build configuration list for PBXProject "quiz" */;
			compatibilityVersion = "Xcode 9.3";
			developmentRegion = en;
			hasScannedForEncodings = 0;
			knownRegions = (
				en,
				Base,
			);
			mainGroup = 7025EAAF24CBFAB5004EF42E;
			productRefGroup = 7025EAB924CBFAB5004EF42E /* Products */;
			projectDirPath = "";
			projectRoot = "";
			targets = (
				7025EAB724CBFAB5004EF42E /* quiz */,
				7025EAD024CBFAB8004EF42E /* quizTests */,
				7025EADB24CBFAB8004EF42E /* quizUITests */,
			);
		};
/* End PBXProject section */

/* Begin PBXResourcesBuildPhase section */
		7025EAB624CBFAB5004EF42E /* Resources */ = {
			isa = PBXResourcesBuildPhase;
			buildActionMask = 2147483647;
			files = (
				7025EACB24CBFAB8004EF42E /* LaunchScreen.storyboard in Resources */,
				7025EAC824CBFAB8004EF42E /* Assets.xcassets in Resources */,
				7025EAC324CBFAB5004EF42E /* Main.storyboard in Resources */,
			);
			runOnlyForDeploymentPostprocessing = 0;
		};
		7025EACF24CBFAB8004EF42E /* Resources */ = {
			isa = PBXResourcesBuildPhase;
			buildActionMask = 2147483647;
			files = (
			);
			runOnlyForDeploymentPostprocessing = 0;
		};
		7025EADA24CBFAB8004EF42E /* Resources */ = {
			isa = PBXResourcesBuildPhase;
			buildActionMask = 2147483647;
			files = (
			);
			runOnlyForDeploymentPostprocessing = 0;
		};
/* End PBXResourcesBuildPhase section */

/* Begin PBXSourcesBuildPhase section */
		7025EAB424CBFAB5004EF42E /* Sources */ = {
			isa = PBXSourcesBuildPhase;
			buildActionMask = 2147483647;
			files = (
				7025EAC024CBFAB5004EF42E /* QuizViewController.swift in Sources */,
				7025EABC24CBFAB5004EF42E /* AppDelegate.swift in Sources */,
				70B68ED424ED68DB006180A8 /* ResultViewController.swift in Sources */,
				70B68ED224ED3C15006180A8 /* QuizHub.swift in Sources */,
				7025EAC624CBFAB5004EF42E /* quiz.xcdatamodeld in Sources */,
				70B68ECA24ED233F006180A8 /* Questions.swift in Sources */,
				7025EABE24CBFAB5004EF42E /* SceneDelegate.swift in Sources */,
			);
			runOnlyForDeploymentPostprocessing = 0;
		};
		7025EACD24CBFAB8004EF42E /* Sources */ = {
			isa = PBXSourcesBuildPhase;
			buildActionMask = 2147483647;
			files = (
				7025EAD624CBFAB8004EF42E /* quizTests.swift in Sources */,
			);
			runOnlyForDeploymentPostprocessing = 0;
		};
		7025EAD824CBFAB8004EF42E /* Sources */ = {
			isa = PBXSourcesBuildPhase;
			buildActionMask = 2147483647;
			files = (
				7025EAE124CBFAB8004EF42E /* quizUITests.swift in Sources */,
			);
			runOnlyForDeploymentPostprocessing = 0;
		};
/* End PBXSourcesBuildPhase section */

/* Begin PBXTargetDependency section */
		7025EAD324CBFAB8004EF42E /* PBXTargetDependency */ = {
			isa = PBXTargetDependency;
			target = 7025EAB724CBFAB5004EF42E /* quiz */;
			targetProxy = 7025EAD224CBFAB8004EF42E /* PBXContainerItemProxy */;
		};
		7025EADE24CBFAB8004EF42E /* PBXTargetDependency */ = {
			isa = PBXTargetDependency;
			target = 7025EAB724CBFAB5004EF42E /* quiz */;
			targetProxy = 7025EADD24CBFAB8004EF42E /* PBXContainerItemProxy */;
		};
/* End PBXTargetDependency section */

/* Begin PBXVariantGroup section */
		7025EAC124CBFAB5004EF42E /* Main.storyboard */ = {
			isa = PBXVariantGroup;
			children = (
				7025EAC224CBFAB5004EF42E /* Base */,
			);
			name = Main.storyboard;
			sourceTree = "<group>";
		};
		7025EAC924CBFAB8004EF42E /* LaunchScreen.storyboard */ = {
			isa = PBXVariantGroup;
			children = (
				7025EACA24CBFAB8004EF42E /* Base */,
			);
			name = LaunchScreen.storyboard;
			sourceTree = "<group>";
		};
/* End PBXVariantGroup section */

/* Begin XCBuildConfiguration section */
		7025EAE324CBFAB8004EF42E /* Debug */ = {
			isa = XCBuildConfiguration;
			buildSettings = {
				ALWAYS_SEARCH_USER_PATHS = NO;
				CLANG_ANALYZER_NONNULL = YES;
				CLANG_ANALYZER_NUMBER_OBJECT_CONVERSION = YES_AGGRESSIVE;
				CLANG_CXX_LANGUAGE_STANDARD = "gnu++14";
				CLANG_CXX_LIBRARY = "libc++";
				CLANG_ENABLE_MODULES = YES;
				CLANG_ENABLE_OBJC_ARC = YES;
				CLANG_ENABLE_OBJC_WEAK = YES;
				CLANG_WARN_BLOCK_CAPTURE_AUTORELEASING = YES;
				CLANG_WARN_BOOL_CONVERSION = YES;
				CLANG_WARN_COMMA = YES;
				CLANG_WARN_CONSTANT_CONVERSION = YES;
				CLANG_WARN_DEPRECATED_OBJC_IMPLEMENTATIONS = YES;
				CLANG_WARN_DIRECT_OBJC_ISA_USAGE = YES_ERROR;
				CLANG_WARN_DOCUMENTATION_COMMENTS = YES;
				CLANG_WARN_EMPTY_BODY = YES;
				CLANG_WARN_ENUM_CONVERSION = YES;
				CLANG_WARN_INFINITE_RECURSION = YES;
				CLANG_WARN_INT_CONVERSION = YES;
				CLANG_WARN_NON_LITERAL_NULL_CONVERSION = YES;
				CLANG_WARN_OBJC_IMPLICIT_RETAIN_SELF = YES;
				CLANG_WARN_OBJC_LITERAL_CONVERSION = YES;
				CLANG_WARN_OBJC_ROOT_CLASS = YES_ERROR;
				CLANG_WARN_RANGE_LOOP_ANALYSIS = YES;
				CLANG_WARN_STRICT_PROTOTYPES = YES;
				CLANG_WARN_SUSPICIOUS_MOVE = YES;
				CLANG_WARN_UNGUARDED_AVAILABILITY = YES_AGGRESSIVE;
				CLANG_WARN_UNREACHABLE_CODE = YES;
				CLANG_WARN__DUPLICATE_METHOD_MATCH = YES;
				COPY_PHASE_STRIP = NO;
				DEBUG_INFORMATION_FORMAT = dwarf;
				ENABLE_STRICT_OBJC_MSGSEND = YES;
				ENABLE_TESTABILITY = YES;
				GCC_C_LANGUAGE_STANDARD = gnu11;
				GCC_DYNAMIC_NO_PIC = NO;
				GCC_NO_COMMON_BLOCKS = YES;
				GCC_OPTIMIZATION_LEVEL = 0;
				GCC_PREPROCESSOR_DEFINITIONS = (
					"DEBUG=1",
					"$(inherited)",
				);
				GCC_WARN_64_TO_32_BIT_CONVERSION = YES;
				GCC_WARN_ABOUT_RETURN_TYPE = YES_ERROR;
				GCC_WARN_UNDECLARED_SELECTOR = YES;
				GCC_WARN_UNINITIALIZED_AUTOS = YES_AGGRESSIVE;
				GCC_WARN_UNUSED_FUNCTION = YES;
				GCC_WARN_UNUSED_VARIABLE = YES;
				IPHONEOS_DEPLOYMENT_TARGET = 13.5;
				MTL_ENABLE_DEBUG_INFO = INCLUDE_SOURCE;
				MTL_FAST_MATH = YES;
				ONLY_ACTIVE_ARCH = YES;
				SDKROOT = iphoneos;
				SWIFT_ACTIVE_COMPILATION_CONDITIONS = DEBUG;
				SWIFT_OPTIMIZATION_LEVEL = "-Onone";
			};
			name = Debug;
		};
		7025EAE424CBFAB8004EF42E /* Release */ = {
			isa = XCBuildConfiguration;
			buildSettings = {
				ALWAYS_SEARCH_USER_PATHS = NO;
				CLANG_ANALYZER_NONNULL = YES;
				CLANG_ANALYZER_NUMBER_OBJECT_CONVERSION = YES_AGGRESSIVE;
				CLANG_CXX_LANGUAGE_STANDARD = "gnu++14";
				CLANG_CXX_LIBRARY = "libc++";
				CLANG_ENABLE_MODULES = YES;
				CLANG_ENABLE_OBJC_ARC = YES;
				CLANG_ENABLE_OBJC_WEAK = YES;
				CLANG_WARN_BLOCK_CAPTURE_AUTORELEASING = YES;
				CLANG_WARN_BOOL_CONVERSION = YES;
				CLANG_WARN_COMMA = YES;
				CLANG_WARN_CONSTANT_CONVERSION = YES;
				CLANG_WARN_DEPRECATED_OBJC_IMPLEMENTATIONS = YES;
				CLANG_WARN_DIRECT_OBJC_ISA_USAGE = YES_ERROR;
				CLANG_WARN_DOCUMENTATION_COMMENTS = YES;
				CLANG_WARN_EMPTY_BODY = YES;
				CLANG_WARN_ENUM_CONVERSION = YES;
				CLANG_WARN_INFINITE_RECURSION = YES;
				CLANG_WARN_INT_CONVERSION = YES;
				CLANG_WARN_NON_LITERAL_NULL_CONVERSION = YES;
				CLANG_WARN_OBJC_IMPLICIT_RETAIN_SELF = YES;
				CLANG_WARN_OBJC_LITERAL_CONVERSION = YES;
				CLANG_WARN_OBJC_ROOT_CLASS = YES_ERROR;
				CLANG_WARN_RANGE_LOOP_ANALYSIS = YES;
				CLANG_WARN_STRICT_PROTOTYPES = YES;
				CLANG_WARN_SUSPICIOUS_MOVE = YES;
				CLANG_WARN_UNGUARDED_AVAILABILITY = YES_AGGRESSIVE;
				CLANG_WARN_UNREACHABLE_CODE = YES;
				CLANG_WARN__DUPLICATE_METHOD_MATCH = YES;
				COPY_PHASE_STRIP = NO;
				DEBUG_INFORMATION_FORMAT = "dwarf-with-dsym";
				ENABLE_NS_ASSERTIONS = NO;
				ENABLE_STRICT_OBJC_MSGSEND = YES;
				GCC_C_LANGUAGE_STANDARD = gnu11;
				GCC_NO_COMMON_BLOCKS = YES;
				GCC_WARN_64_TO_32_BIT_CONVERSION = YES;
				GCC_WARN_ABOUT_RETURN_TYPE = YES_ERROR;
				GCC_WARN_UNDECLARED_SELECTOR = YES;
				GCC_WARN_UNINITIALIZED_AUTOS = YES_AGGRESSIVE;
				GCC_WARN_UNUSED_FUNCTION = YES;
				GCC_WARN_UNUSED_VARIABLE = YES;
				IPHONEOS_DEPLOYMENT_TARGET = 13.5;
				MTL_ENABLE_DEBUG_INFO = NO;
				MTL_FAST_MATH = YES;
				SDKROOT = iphoneos;
				SWIFT_COMPILATION_MODE = wholemodule;
				SWIFT_OPTIMIZATION_LEVEL = "-O";
				VALIDATE_PRODUCT = YES;
			};
			name = Release;
		};
		7025EAE624CBFAB8004EF42E /* Debug */ = {
			isa = XCBuildConfiguration;
			buildSettings = {
				ASSETCATALOG_COMPILER_APPICON_NAME = AppIcon;
				CODE_SIGN_STYLE = Automatic;
				DEVELOPMENT_TEAM = C35DR2MHM7;
				INFOPLIST_FILE = quiz/Info.plist;
				LD_RUNPATH_SEARCH_PATHS = (
					"$(inherited)",
					"@executable_path/Frameworks",
				);
				PRODUCT_BUNDLE_IDENTIFIER = com.swams.quiz;
				PRODUCT_NAME = "$(TARGET_NAME)";
				SWIFT_VERSION = 5.0;
				TARGETED_DEVICE_FAMILY = "1,2";
			};
			name = Debug;
		};
		7025EAE724CBFAB8004EF42E /* Release */ = {
			isa = XCBuildConfiguration;
			buildSettings = {
				ASSETCATALOG_COMPILER_APPICON_NAME = AppIcon;
				CODE_SIGN_STYLE = Automatic;
				DEVELOPMENT_TEAM = C35DR2MHM7;
				INFOPLIST_FILE = quiz/Info.plist;
				LD_RUNPATH_SEARCH_PATHS = (
					"$(inherited)",
					"@executable_path/Frameworks",
				);
				PRODUCT_BUNDLE_IDENTIFIER = com.swams.quiz;
				PRODUCT_NAME = "$(TARGET_NAME)";
				SWIFT_VERSION = 5.0;
				TARGETED_DEVICE_FAMILY = "1,2";
			};
			name = Release;
		};
		7025EAE924CBFAB8004EF42E /* Debug */ = {
			isa = XCBuildConfiguration;
			buildSettings = {
				ALWAYS_EMBED_SWIFT_STANDARD_LIBRARIES = YES;
				BUNDLE_LOADER = "$(TEST_HOST)";
				CODE_SIGN_STYLE = Automatic;
				DEVELOPMENT_TEAM = C35DR2MHM7;
				INFOPLIST_FILE = quizTests/Info.plist;
				IPHONEOS_DEPLOYMENT_TARGET = 13.5;
				LD_RUNPATH_SEARCH_PATHS = (
					"$(inherited)",
					"@executable_path/Frameworks",
					"@loader_path/Frameworks",
				);
				PRODUCT_BUNDLE_IDENTIFIER = com.swams.quizTests;
				PRODUCT_NAME = "$(TARGET_NAME)";
				SWIFT_VERSION = 5.0;
				TARGETED_DEVICE_FAMILY = "1,2";
				TEST_HOST = "$(BUILT_PRODUCTS_DIR)/quiz.app/quiz";
			};
			name = Debug;
		};
		7025EAEA24CBFAB8004EF42E /* Release */ = {
			isa = XCBuildConfiguration;
			buildSettings = {
				ALWAYS_EMBED_SWIFT_STANDARD_LIBRARIES = YES;
				BUNDLE_LOADER = "$(TEST_HOST)";
				CODE_SIGN_STYLE = Automatic;
				DEVELOPMENT_TEAM = C35DR2MHM7;
				INFOPLIST_FILE = quizTests/Info.plist;
				IPHONEOS_DEPLOYMENT_TARGET = 13.5;
				LD_RUNPATH_SEARCH_PATHS = (
					"$(inherited)",
					"@executable_path/Frameworks",
					"@loader_path/Frameworks",
				);
				PRODUCT_BUNDLE_IDENTIFIER = com.swams.quizTests;
				PRODUCT_NAME = "$(TARGET_NAME)";
				SWIFT_VERSION = 5.0;
				TARGETED_DEVICE_FAMILY = "1,2";
				TEST_HOST = "$(BUILT_PRODUCTS_DIR)/quiz.app/quiz";
			};
			name = Release;
		};
		7025EAEC24CBFAB8004EF42E /* Debug */ = {
			isa = XCBuildConfiguration;
			buildSettings = {
				ALWAYS_EMBED_SWIFT_STANDARD_LIBRARIES = YES;
				CODE_SIGN_STYLE = Automatic;
				DEVELOPMENT_TEAM = C35DR2MHM7;
				INFOPLIST_FILE = quizUITests/Info.plist;
				LD_RUNPATH_SEARCH_PATHS = (
					"$(inherited)",
					"@executable_path/Frameworks",
					"@loader_path/Frameworks",
				);
				PRODUCT_BUNDLE_IDENTIFIER = com.swams.quizUITests;
				PRODUCT_NAME = "$(TARGET_NAME)";
				SWIFT_VERSION = 5.0;
				TARGETED_DEVICE_FAMILY = "1,2";
				TEST_TARGET_NAME = quiz;
			};
			name = Debug;
		};
		7025EAED24CBFAB8004EF42E /* Release */ = {
			isa = XCBuildConfiguration;
			buildSettings = {
				ALWAYS_EMBED_SWIFT_STANDARD_LIBRARIES = YES;
				CODE_SIGN_STYLE = Automatic;
				DEVELOPMENT_TEAM = C35DR2MHM7;
				INFOPLIST_FILE = quizUITests/Info.plist;
				LD_RUNPATH_SEARCH_PATHS = (
					"$(inherited)",
					"@executable_path/Frameworks",
					"@loader_path/Frameworks",
				);
				PRODUCT_BUNDLE_IDENTIFIER = com.swams.quizUITests;
				PRODUCT_NAME = "$(TARGET_NAME)";
				SWIFT_VERSION = 5.0;
				TARGETED_DEVICE_FAMILY = "1,2";
				TEST_TARGET_NAME = quiz;
			};
			name = Release;
		};
/* End XCBuildConfiguration section */

/* Begin XCConfigurationList section */
		7025EAB324CBFAB5004EF42E /* Build configuration list for PBXProject "quiz" */ = {
			isa = XCConfigurationList;
			buildConfigurations = (
				7025EAE324CBFAB8004EF42E /* Debug */,
				7025EAE424CBFAB8004EF42E /* Release */,
			);
			defaultConfigurationIsVisible = 0;
			defaultConfigurationName = Release;
		};
		7025EAE524CBFAB8004EF42E /* Build configuration list for PBXNativeTarget "quiz" */ = {
			isa = XCConfigurationList;
			buildConfigurations = (
				7025EAE624CBFAB8004EF42E /* Debug */,
				7025EAE724CBFAB8004EF42E /* Release */,
			);
			defaultConfigurationIsVisible = 0;
			defaultConfigurationName = Release;
		};
		7025EAE824CBFAB8004EF42E /* Build configuration list for PBXNativeTarget "quizTests" */ = {
			isa = XCConfigurationList;
			buildConfigurations = (
				7025EAE924CBFAB8004EF42E /* Debug */,
				7025EAEA24CBFAB8004EF42E /* Release */,
			);
			defaultConfigurationIsVisible = 0;
			defaultConfigurationName = Release;
		};
		7025EAEB24CBFAB8004EF42E /* Build configuration list for PBXNativeTarget "quizUITests" */ = {
			isa = XCConfigurationList;
			buildConfigurations = (
				7025EAEC24CBFAB8004EF42E /* Debug */,
				7025EAED24CBFAB8004EF42E /* Release */,
			);
			defaultConfigurationIsVisible = 0;
			defaultConfigurationName = Release;
		};
/* End XCConfigurationList section */

/* Begin XCVersionGroup section */
		7025EAC424CBFAB5004EF42E /* quiz.xcdatamodeld */ = {
			isa = XCVersionGroup;
			children = (
				7025EAC524CBFAB5004EF42E /* quiz.xcdatamodel */,
			);
			currentVersion = 7025EAC524CBFAB5004EF42E /* quiz.xcdatamodel */;
			path = quiz.xcdatamodeld;
			sourceTree = "<group>";
			versionGroupType = wrapper.xcdatamodel;
		};
/* End XCVersionGroup section */
	};
	rootObject = 7025EAB024CBFAB5004EF42E /* Project object */;
}
